
Microsoft Visual Studio Solution File, Format Version 12.00
# Visual Studio Version 16
VisualStudioVersion = 16.0.30907.101
MinimumVisualStudioVersion = 10.0.40219.1
Project("{FAE04EC0-301F-11D3-BF4B-00C04F79EFBC}") = "PersonalApp", "PersonalApp.csproj", "{70E0FEAA-150E-4909-9CE5-F445DB5719AB}"
EndProject
Global
	GlobalSection(SolutionConfigurationPlatforms) = preSolution
		Debug|Any CPU = Debug|Any CPU
		Release|Any CPU = Release|Any CPU
	EndGlobalSection
	GlobalSection(ProjectConfigurationPlatforms) = postSolution
		{70E0FEAA-150E-4909-9CE5-F445DB5719AB}.Debug|Any CPU.ActiveCfg = Debug|Any CPU
		{70E0FEAA-150E-4909-9CE5-F445DB5719AB}.Debug|Any CPU.Build.0 = Debug|Any CPU
		{70E0FEAA-150E-4909-9CE5-F445DB5719AB}.Release|Any CPU.ActiveCfg = Release|Any CPU
		{70E0FEAA-150E-4909-9CE5-F445DB5719AB}.Release|Any CPU.Build.0 = Release|Any CPU
	EndGlobalSection
	GlobalSection(SolutionProperties) = preSolution
		HideSolutionNode = FALSE
	EndGlobalSection
	GlobalSection(ExtensibilityGlobals) = postSolution
		SolutionGuid = {D5C36D91-C79B-4283-B333-0D54122D9935}
	EndGlobalSection
EndGlobal
